# THIS IS AN AUTOGENERATED FILE. DO NOT EDIT THIS FILE DIRECTLY.
# yarn lockfile v1


"@snyk/deb-semver@1.1.1":
  version "1.1.1"
  resolved "http://artifactory.dev.snyk.io/artifactory/api/npm/npm-deps-test/@snyk/deb-semver/-/@snyk/deb-semver-1.1.1.tgz#c40b478a2c5aca97d04b211e4d80d215088687cf"
  integrity sha1-xAtHiixaypfQSyEeTYDSFQiGh88=
  dependencies:
    lodash "^4.17.11"

debug@3.1.0:
  version "3.1.0"
  resolved "http://artifactory.dev.snyk.io/artifactory/api/npm/npm-deps-test/debug/-/debug-3.1.0.tgz#d483f664401d21bd22eb38a30f1d663cac9a8e9e"
  integrity sha1-1IP2ZEAdIb0i6zijDx1mPKyajp4=
  dependencies:
    ms "2.0.0"

lodash@^4.17.11:
  version "4.17.15"
  resolved "http://artifactory.dev.snyk.io/artifactory/api/npm/npm-deps-test/lodash/lodash-4.17.15.tgz#84a655ea808b70f2d45358f482be7406feb81a51"
  integrity sha1-hKZV6oCLcPLUU1j0gr50Bv64GlE=

ms@2.0.0:
  version "2.0.0"
  resolved "http://artifactory.dev.snyk.io/artifactory/api/npm/npm-deps-test/ms/-/ms-2.0.0.tgz#c50a51e1a1308ab14fe02a775c41d38079d14084"
  integrity sha1-xQpR4aEwirFP4Cp3XEHTgHnRQIQ=
