{
  "name": "artifactory-private-vulns",
  "version": "1.0.0",
  "lockfileVersion": 1,
  "requires": true,
  "dependencies": {
    "@snyk/deb-semver": {
      "version": "1.1.1",
      "resolved": "http://artifactory.dev.snyk.io/artifactory/api/npm/npm-deps-test/@snyk/deb-semver/-/@snyk/deb-semver-1.1.1.tgz",
      "integrity": "sha1-xAtHiixaypfQSyEeTYDSFQiGh88=",
      "requires": {
        "lodash": "^4.17.11"
      }
    },
    "debug": {
      "version": "3.0.0",
      "resolved": "http://artifactory.dev.snyk.io/artifactory/api/npm/npm-deps-test/debug/-/debug-3.0.0.tgz",
      "integrity": "sha1-iyV0J9z3aaOzQbK0MskRb6llEQ8=",
      "requires": {
        "ms": "2.0.0"
      }
    },
    "lodash": {
      "version": "4.17.15",
      "resolved": "http://artifactory.dev.snyk.io/artifactory/api/npm/npm-deps-test/lodash/lodash-4.17.15.tgz",
      "integrity": "sha1-hKZV6oCLcPLUU1j0gr50Bv64GlE="
    },
    "ms": {
      "version": "2.0.0",
      "resolved": "http://artifactory.dev.snyk.io/artifactory/api/npm/npm-deps-test/ms/-/ms-2.0.0.tgz",
      "integrity": "sha1-xQpR4aEwirFP4Cp3XEHTgHnRQIQ="
    }
  }
}
